github.com/go-sql-driver/mysql v1.5.0 h1:ozyZYNQW3x3HtqT1jira07DN2PArx2v7/mN66gGcHOs=
github.com/go-sql-driver/mysql v1.5.0/go.mod h1:DCzpHaOWr8IXmIStZouvnhqoel9Qv2LBy8hT2VhHyBg=
github.com/gorilla/websocket v1.4.2 h1:+/TMaTYc4QFitKJxsQ7Yye35DkWvkdLcvGKqM+x0Ufc=
github.com/gorilla/websocket v1.4.2/go.mod h1:YR8l580nyteQvAITg2hZ9XVh4b55+EU/adAjf1fMHhE=
github.com/msbranco/goconfig v0.0.0-20160629072055-3189001257ce h1:QtMvEL/+svm0fxbpyRZS0aquv34BCfMwksEE+2aTLZU=
github.com/msbranco/goconfig v0.0.0-20160629072055-3189001257ce/go.mod h1:PKNAOitD7HlXaDyVXgbpVnof2Th8T7Glv5Wz0lJLCEg=
github.com/pquerna/ffjson v0.0.0-20190930134022-aa0246cd15f7 h1:xoIK0ctDddBMnc74udxJYBqlo9Ylnsp1waqjLsnef20=
github.com/pquerna/ffjson v0.0.0-20190930134022-aa0246cd15f7/go.mod h1:YARuvh7BUWHNhzDq2OM5tzR2RiCcN2D7sapiKyCel/M=
github.com/tideland/golib v4.24.2+incompatible h1:QYMkA3Sr1G8UWJTDsptrLOUwB6N89ETlVBnK5lZXKAw=
github.com/tideland/golib v4.24.2+incompatible/go.mod h1:HPHOmtCdCHUQiGAVZnlOH5eNTAEmM7R9oCFXdgvkB+Y=
